Microsoft Visual Studio Solution File, Format Version 9.00
# Visual Studio 2005
Project("{FAE04EC0-301F-11D3-BF4B-00C04F79EFBC}") = "ZipUtility", "ZipUtility.csproj", "{17A46E90-86D1-47BE-AA6C-EC6277836360}"
EndProject
Project("{FAE04EC0-301F-11D3-BF4B-00C04F79EFBC}") = "TestZipUtility", "TestZipUtility\TestZipUtility.csproj", "{924DF7D6-B4CA-4694-847D-7AEA5139B90A}"
EndProject
Global
	GlobalSection(SolutionConfigurationPlatforms) = preSolution
		Debug|Any CPU = Debug|Any CPU
		Release|Any CPU = Release|Any CPU
	EndGlobalSection
	GlobalSection(ProjectConfigurationPlatforms) = postSolution
		{17A46E90-86D1-47BE-AA6C-EC6277836360}.Debug|Any CPU.ActiveCfg = Debug|Any CPU
		{17A46E90-86D1-47BE-AA6C-EC6277836360}.Debug|Any CPU.Build.0 = Debug|Any CPU
		{17A46E90-86D1-47BE-AA6C-EC6277836360}.Release|Any CPU.ActiveCfg = Release|Any CPU
		{17A46E90-86D1-47BE-AA6C-EC6277836360}.Release|Any CPU.Build.0 = Release|Any CPU
		{924DF7D6-B4CA-4694-847D-7AEA5139B90A}.Debug|Any CPU.ActiveCfg = Debug|Any CPU
		{924DF7D6-B4CA-4694-847D-7AEA5139B90A}.Debug|Any CPU.Build.0 = Debug|Any CPU
		{924DF7D6-B4CA-4694-847D-7AEA5139B90A}.Release|Any CPU.ActiveCfg = Release|Any CPU
		{924DF7D6-B4CA-4694-847D-7AEA5139B90A}.Release|Any CPU.Build.0 = Release|Any CPU
	EndGlobalSection
	GlobalSection(SolutionProperties) = preSolution
		HideSolutionNode = FALSE
	EndGlobalSection
EndGlobal
